
Microsoft Visual Studio Solution File, Format Version 12.00
# Visual Studio Version 16
VisualStudioVersion = 16.0.30711.63
MinimumVisualStudioVersion = 10.0.40219.1
Project("{FAE04EC0-301F-11D3-BF4B-00C04F79EFBC}") = "OpenTrivia Wrapper", "OpenTrivia Wrapper\OpenTrivia Wrapper.csproj", "{027CE0F4-DB01-4E77-B1C8-3A49960DF01D}"
EndProject
Project("{FAE04EC0-301F-11D3-BF4B-00C04F79EFBC}") = "TestWrapper", "TestWrapper\TestWrapper.csproj", "{CE51396D-BA40-4509-840D-F846B4836F20}"
EndProject
Global
	GlobalSection(SolutionConfigurationPlatforms) = preSolution
		Debug|Any CPU = Debug|Any CPU
		Release|Any CPU = Release|Any CPU
	EndGlobalSection
	GlobalSection(ProjectConfigurationPlatforms) = postSolution
		{027CE0F4-DB01-4E77-B1C8-3A49960DF01D}.Debug|Any CPU.ActiveCfg = Debug|Any CPU
		{027CE0F4-DB01-4E77-B1C8-3A49960DF01D}.Debug|Any CPU.Build.0 = Debug|Any CPU
		{027CE0F4-DB01-4E77-B1C8-3A49960DF01D}.Release|Any CPU.ActiveCfg = Release|Any CPU
		{027CE0F4-DB01-4E77-B1C8-3A49960DF01D}.Release|Any CPU.Build.0 = Release|Any CPU
		{CE51396D-BA40-4509-840D-F846B4836F20}.Debug|Any CPU.ActiveCfg = Debug|Any CPU
		{CE51396D-BA40-4509-840D-F846B4836F20}.Debug|Any CPU.Build.0 = Debug|Any CPU
		{CE51396D-BA40-4509-840D-F846B4836F20}.Release|Any CPU.ActiveCfg = Release|Any CPU
		{CE51396D-BA40-4509-840D-F846B4836F20}.Release|Any CPU.Build.0 = Release|Any CPU
	EndGlobalSection
	GlobalSection(SolutionProperties) = preSolution
		HideSolutionNode = FALSE
	EndGlobalSection
	GlobalSection(ExtensibilityGlobals) = postSolution
		SolutionGuid = {328BB91B-DCDC-4456-9552-11171BCBCEE0}
	EndGlobalSection
EndGlobal
