
Microsoft Visual Studio Solution File, Format Version 12.00
# Visual Studio Version 16
VisualStudioVersion = 16.0.30711.63
MinimumVisualStudioVersion = 10.0.40219.1
Project("{9A19103F-16F7-4668-BE54-9A1E7A4F7556}") = "OpenTriviaSharp", "OpenTrivia Wrapper\OpenTriviaSharp.csproj", "{027CE0F4-DB01-4E77-B1C8-3A49960DF01D}"
EndProject
Project("{2150E333-8FDC-42A3-9474-1A3956D46DE8}") = "Solution Items", "Solution Items", "{D3D44E04-A6AD-4713-A73B-7FD63E85F075}"
	ProjectSection(SolutionItems) = preProject
		.gitignore = .gitignore
	EndProjectSection
EndProject
Project("{9A19103F-16F7-4668-BE54-9A1E7A4F7556}") = "TestWrapper", "TestWrapper\TestWrapper.csproj", "{3F21E9A5-F5EB-4DF7-9CAB-D6836A01C3C2}"
EndProject
Global
	GlobalSection(SolutionConfigurationPlatforms) = preSolution
		Debug|Any CPU = Debug|Any CPU
		Release|Any CPU = Release|Any CPU
	EndGlobalSection
	GlobalSection(ProjectConfigurationPlatforms) = postSolution
		{027CE0F4-DB01-4E77-B1C8-3A49960DF01D}.Debug|Any CPU.ActiveCfg = Debug|Any CPU
		{027CE0F4-DB01-4E77-B1C8-3A49960DF01D}.Debug|Any CPU.Build.0 = Debug|Any CPU
		{027CE0F4-DB01-4E77-B1C8-3A49960DF01D}.Release|Any CPU.ActiveCfg = Release|Any CPU
		{027CE0F4-DB01-4E77-B1C8-3A49960DF01D}.Release|Any CPU.Build.0 = Release|Any CPU
		{3F21E9A5-F5EB-4DF7-9CAB-D6836A01C3C2}.Debug|Any CPU.ActiveCfg = Debug|Any CPU
		{3F21E9A5-F5EB-4DF7-9CAB-D6836A01C3C2}.Debug|Any CPU.Build.0 = Debug|Any CPU
		{3F21E9A5-F5EB-4DF7-9CAB-D6836A01C3C2}.Release|Any CPU.ActiveCfg = Release|Any CPU
		{3F21E9A5-F5EB-4DF7-9CAB-D6836A01C3C2}.Release|Any CPU.Build.0 = Release|Any CPU
	EndGlobalSection
	GlobalSection(SolutionProperties) = preSolution
		HideSolutionNode = FALSE
	EndGlobalSection
	GlobalSection(ExtensibilityGlobals) = postSolution
		SolutionGuid = {328BB91B-DCDC-4456-9552-11171BCBCEE0}
	EndGlobalSection
EndGlobal
